
Microsoft Visual Studio Solution File, Format Version 12.00
# Visual Studio Version 17
VisualStudioVersion = 17.0.31903.59
MinimumVisualStudioVersion = 10.0.40219.1
Project("{FAE04EC0-301F-11D3-BF4B-00C04F79EFBC}") = "PharmacyApp.API", "PharmacyApp.API\PharmacyApp.API.csproj", "{98581CAB-BB83-4E07-8163-4C8C07DFBEE9}"
EndProject
Project("{FAE04EC0-301F-11D3-BF4B-00C04F79EFBC}") = "PharmacyApp.Core", "PharmacyApp.Core\PharmacyApp.Core.csproj", "{89A34770-FAE3-4408-B988-3A926E8CD31B}"
EndProject
Project("{FAE04EC0-301F-11D3-BF4B-00C04F79EFBC}") = "PharmacyApp.Infrastructure", "PharmacyApp.Infrastructure\PharmacyApp.Infrastructure.csproj", "{1240D735-9B9C-4DB3-927F-B4DAC413133E}"
EndProject
Global
	GlobalSection(SolutionConfigurationPlatforms) = preSolution
		Debug|Any CPU = Debug|Any CPU
		Release|Any CPU = Release|Any CPU
	EndGlobalSection
	GlobalSection(SolutionProperties) = preSolution
		HideSolutionNode = FALSE
	EndGlobalSection
	GlobalSection(ProjectConfigurationPlatforms) = postSolution
		{98581CAB-BB83-4E07-8163-4C8C07DFBEE9}.Debug|Any CPU.ActiveCfg = Debug|Any CPU
		{98581CAB-BB83-4E07-8163-4C8C07DFBEE9}.Debug|Any CPU.Build.0 = Debug|Any CPU
		{98581CAB-BB83-4E07-8163-4C8C07DFBEE9}.Release|Any CPU.ActiveCfg = Release|Any CPU
		{98581CAB-BB83-4E07-8163-4C8C07DFBEE9}.Release|Any CPU.Build.0 = Release|Any CPU
		{89A34770-FAE3-4408-B988-3A926E8CD31B}.Debug|Any CPU.ActiveCfg = Debug|Any CPU
		{89A34770-FAE3-4408-B988-3A926E8CD31B}.Debug|Any CPU.Build.0 = Debug|Any CPU
		{89A34770-FAE3-4408-B988-3A926E8CD31B}.Release|Any CPU.ActiveCfg = Release|Any CPU
		{89A34770-FAE3-4408-B988-3A926E8CD31B}.Release|Any CPU.Build.0 = Release|Any CPU
		{1240D735-9B9C-4DB3-927F-B4DAC413133E}.Debug|Any CPU.ActiveCfg = Debug|Any CPU
		{1240D735-9B9C-4DB3-927F-B4DAC413133E}.Debug|Any CPU.Build.0 = Debug|Any CPU
		{1240D735-9B9C-4DB3-927F-B4DAC413133E}.Release|Any CPU.ActiveCfg = Release|Any CPU
		{1240D735-9B9C-4DB3-927F-B4DAC413133E}.Release|Any CPU.Build.0 = Release|Any CPU
	EndGlobalSection
EndGlobal
